
Microsoft Visual Studio Solution File, Format Version 12.00
# Visual Studio 15
VisualStudioVersion = 15.0.26730.12
MinimumVisualStudioVersion = 10.0.40219.1
Project("{FAE04EC0-301F-11D3-BF4B-00C04F79EFBC}") = "BikeRental.Contract", "BikeRental.Contract\BikeRental.Contract.csproj", "{BA36C7E8-47C2-4744-9056-26583067D5BF}"
EndProject
Project("{FAE04EC0-301F-11D3-BF4B-00C04F79EFBC}") = "BikeRental.Model", "BikeRental.Model\BikeRental.Model.csproj", "{DDAD2559-749F-4973-B2C1-4A921F923671}"
EndProject
Project("{FAE04EC0-301F-11D3-BF4B-00C04F79EFBC}") = "BikeRental.ModelTests", "BikeRental.ModelTests\BikeRental.ModelTests.csproj", "{2B947E22-2DD6-4023-AB25-861185871AA9}"
EndProject
Project("{FAE04EC0-301F-11D3-BF4B-00C04F79EFBC}") = "BikeRental.Service", "BikeRental.Service\BikeRental.Service.csproj", "{3A044D14-D5C7-4DE8-8B17-9076813AD8E5}"
EndProject
Global
	GlobalSection(SolutionConfigurationPlatforms) = preSolution
		Debug|Any CPU = Debug|Any CPU
		Release|Any CPU = Release|Any CPU
	EndGlobalSection
	GlobalSection(ProjectConfigurationPlatforms) = postSolution
		{BA36C7E8-47C2-4744-9056-26583067D5BF}.Debug|Any CPU.ActiveCfg = Debug|Any CPU
		{BA36C7E8-47C2-4744-9056-26583067D5BF}.Debug|Any CPU.Build.0 = Debug|Any CPU
		{BA36C7E8-47C2-4744-9056-26583067D5BF}.Release|Any CPU.ActiveCfg = Release|Any CPU
		{BA36C7E8-47C2-4744-9056-26583067D5BF}.Release|Any CPU.Build.0 = Release|Any CPU
		{DDAD2559-749F-4973-B2C1-4A921F923671}.Debug|Any CPU.ActiveCfg = Debug|Any CPU
		{DDAD2559-749F-4973-B2C1-4A921F923671}.Debug|Any CPU.Build.0 = Debug|Any CPU
		{DDAD2559-749F-4973-B2C1-4A921F923671}.Release|Any CPU.ActiveCfg = Release|Any CPU
		{DDAD2559-749F-4973-B2C1-4A921F923671}.Release|Any CPU.Build.0 = Release|Any CPU
		{2B947E22-2DD6-4023-AB25-861185871AA9}.Debug|Any CPU.ActiveCfg = Debug|Any CPU
		{2B947E22-2DD6-4023-AB25-861185871AA9}.Debug|Any CPU.Build.0 = Debug|Any CPU
		{2B947E22-2DD6-4023-AB25-861185871AA9}.Release|Any CPU.ActiveCfg = Release|Any CPU
		{2B947E22-2DD6-4023-AB25-861185871AA9}.Release|Any CPU.Build.0 = Release|Any CPU
		{3A044D14-D5C7-4DE8-8B17-9076813AD8E5}.Debug|Any CPU.ActiveCfg = Debug|Any CPU
		{3A044D14-D5C7-4DE8-8B17-9076813AD8E5}.Debug|Any CPU.Build.0 = Debug|Any CPU
		{3A044D14-D5C7-4DE8-8B17-9076813AD8E5}.Release|Any CPU.ActiveCfg = Release|Any CPU
		{3A044D14-D5C7-4DE8-8B17-9076813AD8E5}.Release|Any CPU.Build.0 = Release|Any CPU
	EndGlobalSection
	GlobalSection(SolutionProperties) = preSolution
		HideSolutionNode = FALSE
	EndGlobalSection
	GlobalSection(ExtensibilityGlobals) = postSolution
		SolutionGuid = {F6B085DB-0028-4F87-BBD1-39FCE87283CA}
	EndGlobalSection
EndGlobal
